
Microsoft Visual Studio Solution File, Format Version 12.00
# Visual Studio Version 17
VisualStudioVersion = 17.1.32319.34
MinimumVisualStudioVersion = 10.0.40219.1
Project("{FAE04EC0-301F-11D3-BF4B-00C04F79EFBC}") = "SecretProject3", "SecretProject3\SecretProject3.csproj", "{358F7695-C092-4E83-8A60-A367B39BE0BF}"
EndProject
Global
	GlobalSection(SolutionConfigurationPlatforms) = preSolution
		Debug|Any CPU = Debug|Any CPU
		Release|Any CPU = Release|Any CPU
	EndGlobalSection
	GlobalSection(ProjectConfigurationPlatforms) = postSolution
		{358F7695-C092-4E83-8A60-A367B39BE0BF}.Debug|Any CPU.ActiveCfg = Debug|Any CPU
		{358F7695-C092-4E83-8A60-A367B39BE0BF}.Debug|Any CPU.Build.0 = Debug|Any CPU
		{358F7695-C092-4E83-8A60-A367B39BE0BF}.Release|Any CPU.ActiveCfg = Release|Any CPU
		{358F7695-C092-4E83-8A60-A367B39BE0BF}.Release|Any CPU.Build.0 = Release|Any CPU
	EndGlobalSection
	GlobalSection(SolutionProperties) = preSolution
		HideSolutionNode = FALSE
	EndGlobalSection
	GlobalSection(ExtensibilityGlobals) = postSolution
		SolutionGuid = {574F8D4E-CF2E-442F-A5F1-D03C3BB7FA29}
	EndGlobalSection
EndGlobal
